
Microsoft Visual Studio Solution File, Format Version 12.00
# Visual Studio Version 17
VisualStudioVersion = 17.9.34723.18
MinimumVisualStudioVersion = 10.0.40219.1
Project("{888888A0-9F3D-457C-B088-3A5042F75D52}") = "6.2", "6.2\6.2.pyproj", "{2303AD86-C12F-4C9F-97F2-2FD123D4C414}"
EndProject
Global
	GlobalSection(SolutionConfigurationPlatforms) = preSolution
		Debug|Any CPU = Debug|Any CPU
		Release|Any CPU = Release|Any CPU
	EndGlobalSection
	GlobalSection(ProjectConfigurationPlatforms) = postSolution
		{2303AD86-C12F-4C9F-97F2-2FD123D4C414}.Debug|Any CPU.ActiveCfg = Debug|Any CPU
		{2303AD86-C12F-4C9F-97F2-2FD123D4C414}.Release|Any CPU.ActiveCfg = Release|Any CPU
	EndGlobalSection
	GlobalSection(SolutionProperties) = preSolution
		HideSolutionNode = FALSE
	EndGlobalSection
	GlobalSection(ExtensibilityGlobals) = postSolution
		SolutionGuid = {A063361A-537F-4750-BCF1-1B8C767BECA5}
	EndGlobalSection
EndGlobal
